Microsoft Visual Studio Solution File, Format Version 11.00
# Visual Studio 2008

Project("{198EEA26-0A07-D99E-264A-E67B5C75B3A8}") = "Stereoscopic_Scatterplot", "Assembly-CSharp-firstpass.csproj", "{37DAE6B5-F635-4441-BD41-05AD96A0CB48}"
EndProject
Project("{198EEA26-0A07-D99E-264A-E67B5C75B3A8}") = "Stereoscopic_Scatterplot", "Assembly-CSharp.csproj", "{958AFD50-E4A5-8460-B448-F65713F34382}"
EndProject
Project("{198EEA26-0A07-D99E-264A-E67B5C75B3A8}") = "Stereoscopic_Scatterplot", "Assembly-CSharp-Editor.csproj", "{2B5DB285-5D7D-63B1-6F17-F9C64C92BD98}"
EndProject
Project("{198EEA26-0A07-D99E-264A-E67B5C75B3A8}") = "Stereoscopic_Scatterplot", "Assembly-UnityScript-firstpass.unityproj", "{A4588F31-BD53-F78E-E0D3-21F3EAC0E818}"
EndProject
Project("{198EEA26-0A07-D99E-264A-E67B5C75B3A8}") = "Stereoscopic_Scatterplot", "Assembly-UnityScript.unityproj", "{B10F731E-53A0-55EF-B14A-C05B6F5976AC}"
EndProject
Project("{198EEA26-0A07-D99E-264A-E67B5C75B3A8}") = "Stereoscopic_Scatterplot", "Assembly-UnityScript-Editor.unityproj", "{B6EA1DCD-F3BF-B4EC-8754-4FE3BA1A94EC}"
EndProject
Global
	GlobalSection(SolutionConfigurationPlatforms) = preSolution
		Debug|Any CPU = Debug|Any CPU
		Release|Any CPU = Release|Any CPU
	EndGlobalSection
	GlobalSection(ProjectConfigurationPlatforms) = postSolution
		{37DAE6B5-F635-4441-BD41-05AD96A0CB48}.Debug|Any CPU.ActiveCfg = Debug|Any CPU
		{37DAE6B5-F635-4441-BD41-05AD96A0CB48}.Debug|Any CPU.Build.0 = Debug|Any CPU
		{37DAE6B5-F635-4441-BD41-05AD96A0CB48}.Release|Any CPU.ActiveCfg = Release|Any CPU
		{37DAE6B5-F635-4441-BD41-05AD96A0CB48}.Release|Any CPU.Build.0 = Release|Any CPU
		{958AFD50-E4A5-8460-B448-F65713F34382}.Debug|Any CPU.ActiveCfg = Debug|Any CPU
		{958AFD50-E4A5-8460-B448-F65713F34382}.Debug|Any CPU.Build.0 = Debug|Any CPU
		{958AFD50-E4A5-8460-B448-F65713F34382}.Release|Any CPU.ActiveCfg = Release|Any CPU
		{958AFD50-E4A5-8460-B448-F65713F34382}.Release|Any CPU.Build.0 = Release|Any CPU
		{2B5DB285-5D7D-63B1-6F17-F9C64C92BD98}.Debug|Any CPU.ActiveCfg = Debug|Any CPU
		{2B5DB285-5D7D-63B1-6F17-F9C64C92BD98}.Debug|Any CPU.Build.0 = Debug|Any CPU
		{2B5DB285-5D7D-63B1-6F17-F9C64C92BD98}.Release|Any CPU.ActiveCfg = Release|Any CPU
		{2B5DB285-5D7D-63B1-6F17-F9C64C92BD98}.Release|Any CPU.Build.0 = Release|Any CPU
		{A4588F31-BD53-F78E-E0D3-21F3EAC0E818}.Debug|Any CPU.ActiveCfg = Debug|Any CPU
		{A4588F31-BD53-F78E-E0D3-21F3EAC0E818}.Debug|Any CPU.Build.0 = Debug|Any CPU
		{A4588F31-BD53-F78E-E0D3-21F3EAC0E818}.Release|Any CPU.ActiveCfg = Release|Any CPU
		{A4588F31-BD53-F78E-E0D3-21F3EAC0E818}.Release|Any CPU.Build.0 = Release|Any CPU
		{B10F731E-53A0-55EF-B14A-C05B6F5976AC}.Debug|Any CPU.ActiveCfg = Debug|Any CPU
		{B10F731E-53A0-55EF-B14A-C05B6F5976AC}.Debug|Any CPU.Build.0 = Debug|Any CPU
		{B10F731E-53A0-55EF-B14A-C05B6F5976AC}.Release|Any CPU.ActiveCfg = Release|Any CPU
		{B10F731E-53A0-55EF-B14A-C05B6F5976AC}.Release|Any CPU.Build.0 = Release|Any CPU
		{B6EA1DCD-F3BF-B4EC-8754-4FE3BA1A94EC}.Debug|Any CPU.ActiveCfg = Debug|Any CPU
		{B6EA1DCD-F3BF-B4EC-8754-4FE3BA1A94EC}.Debug|Any CPU.Build.0 = Debug|Any CPU
		{B6EA1DCD-F3BF-B4EC-8754-4FE3BA1A94EC}.Release|Any CPU.ActiveCfg = Release|Any CPU
		{B6EA1DCD-F3BF-B4EC-8754-4FE3BA1A94EC}.Release|Any CPU.Build.0 = Release|Any CPU
	EndGlobalSection
	GlobalSection(SolutionProperties) = preSolution
		HideSolutionNode = FALSE
	EndGlobalSection
																																																																										GlobalSection(MonoDevelopProperties) = preSolution
		StartupItem = Assembly-CSharp.csproj
		Policies = $0
		$0.TextStylePolicy = $1
		$1.inheritsSet = null
		$1.scope = text/x-csharp
		$0.CSharpFormattingPolicy = $2
		$2.inheritsSet = Mono
		$2.inheritsScope = text/x-csharp
		$2.scope = text/x-csharp
		$0.TextStylePolicy = $3
		$3.FileWidth = 120
		$3.TabWidth = 4
		$3.EolMarker = Unix
		$3.inheritsSet = Mono
		$3.inheritsScope = text/plain
		$3.scope = text/plain
	EndGlobalSection

EndGlobal
